{
  "lockfile_version": "1",
  "packages": {
    "bat@latest": {
      "last_modified": "2024-02-24T23:06:34Z",
      "resolved": "github:NixOS/nixpkgs/9a9dae8f6319600fa9aebde37f340975cab4b8c0#bat",
      "source": "devbox-search",
      "version": "0.24.0",
      "systems": {
        "aarch64-darwin": {
          "store_path": "/nix/store/43ixsdb4ksw9lvbsy3zvwka74myrr62v-bat-0.24.0"
        },
        "aarch64-linux": {
          "store_path": "/nix/store/zvs97w08g5bzf0p70fj2iag0pm2y6lms-bat-0.24.0"
        },
        "x86_64-darwin": {
          "store_path": "/nix/store/bsywa983fl6sk4df7jh89ym2jz81v65q-bat-0.24.0"
        },
        "x86_64-linux": {
          "store_path": "/nix/store/k4rwiqjqqbhd6nsw3ypfifhjjcygym3y-bat-0.24.0"
        }
      }
    },
    "docker@latest": {
      "last_modified": "2024-03-02T13:37:51Z",
      "resolved": "github:NixOS/nixpkgs/fa9a51752f1b5de583ad5213eb621be071806663#docker",
      "source": "devbox-search",
      "version": "24.0.5",
      "systems": {
        "aarch64-darwin": {
          "store_path": "/nix/store/m11spa8vqz4mfxzz25r52q99c4im71az-docker-24.0.5"
        },
        "aarch64-linux": {
          "store_path": "/nix/store/hlhjb4cg3x638i9hyqcl1zyajlvwsmnc-docker-24.0.5"
        },
        "x86_64-darwin": {
          "store_path": "/nix/store/b8pbfaamqfqb6j0c5zbl6h0i7qgspzwk-docker-24.0.5"
        },
        "x86_64-linux": {
          "store_path": "/nix/store/g0wwcj2qzv5138ihfndgp21zphp4bzgs-docker-24.0.5"
        }
      }
    },
    "dotnet-sdk_8@latest": {
      "last_modified": "2024-03-06T17:57:40Z",
      "resolved": "github:NixOS/nixpkgs/58ae79ea707579c40102ddf62d84b902a987c58b#dotnet-sdk_8",
      "source": "devbox-search",
      "version": "8.0.201",
      "systems": {
        "aarch64-darwin": {
          "store_path": "/nix/store/fy72sabwgkmmp8fdn991vgdyqfgbwybi-dotnet-sdk-8.0.201"
        },
        "aarch64-linux": {
          "store_path": "/nix/store/p6hvkpwj0vmalldp7l6zgsw9jrbvcqhm-dotnet-sdk-8.0.201"
        },
        "x86_64-darwin": {
          "store_path": "/nix/store/glixcj4h4hgaf2yfr7p147ryrjpflzjg-dotnet-sdk-8.0.201"
        },
        "x86_64-linux": {
          "store_path": "/nix/store/dh9gg36zckspv5isph8lwfw50fc2bbsc-dotnet-sdk-8.0.201"
        }
      }
    },
    "fish@latest": {
      "last_modified": "2024-02-24T23:06:34Z",
      "resolved": "github:NixOS/nixpkgs/9a9dae8f6319600fa9aebde37f340975cab4b8c0#fish",
      "source": "devbox-search",
      "version": "3.7.0",
      "systems": {
        "aarch64-darwin": {
          "store_path": "/nix/store/pvns559yg5rdzjvx8jas98msp33f6hnl-fish-3.7.0"
        },
        "aarch64-linux": {
          "store_path": "/nix/store/qr3jl9pc1s2vcnd2mfxkx1xndvcnkg27-fish-3.7.0"
        },
        "x86_64-darwin": {
          "store_path": "/nix/store/4v4nc71mbb85ai20c1qqj31mfsqx4ghl-fish-3.7.0"
        },
        "x86_64-linux": {
          "store_path": "/nix/store/6m8rdk5zfdw7gnpisy942my0lw9my71z-fish-3.7.0"
        }
      }
    },
    "gcc@latest": {
      "last_modified": "2024-02-24T23:06:34Z",
      "resolved": "github:NixOS/nixpkgs/9a9dae8f6319600fa9aebde37f340975cab4b8c0#gcc",
      "source": "devbox-search",
      "version": "13.2.0",
      "systems": {
        "aarch64-darwin": {
          "store_path": "/nix/store/5m4l7v79w13qa341ffhfxs45d4m8g8ag-gcc-wrapper-13.2.0"
        },
        "aarch64-linux": {
          "store_path": "/nix/store/z062sjm2ppd5jdcisdgaxvl8l08dq774-gcc-wrapper-13.2.0"
        },
        "x86_64-darwin": {
          "store_path": "/nix/store/9g3ysibwgx9yfxqlzkksjl7df6ixzdlx-gcc-wrapper-13.2.0"
        },
        "x86_64-linux": {
          "store_path": "/nix/store/ln6zld1ia7rxddmxgbpfhrmb42rbxdw8-gcc-wrapper-13.2.0"
        }
      }
    },
    "gh@latest": {
      "last_modified": "2024-03-06T17:57:40Z",
      "resolved": "github:NixOS/nixpkgs/58ae79ea707579c40102ddf62d84b902a987c58b#gh",
      "source": "devbox-search",
      "version": "2.45.0",
      "systems": {
        "aarch64-darwin": {
          "store_path": "/nix/store/n5hz2hmaxy8mr4qs91pvqwzbdza53bck-gh-2.45.0"
        },
        "aarch64-linux": {
          "store_path": "/nix/store/8321g2vjajybabcvl9kyjklknx7bl7qp-gh-2.45.0"
        },
        "x86_64-darwin": {
          "store_path": "/nix/store/7mbb381r18qa1lp9yhrakigypnvvcxd1-gh-2.45.0"
        },
        "x86_64-linux": {
          "store_path": "/nix/store/yrlmd02lfgzz3f5g2n3s8ink2f72y6j1-gh-2.45.0"
        }
      }
    },
    "git@latest": {
      "last_modified": "2024-02-27T12:57:41Z",
      "resolved": "github:NixOS/nixpkgs/8520c158aee718c6e87b56881105fc4223c3c723#git",
      "source": "devbox-search",
      "version": "2.43.1",
      "systems": {
        "aarch64-darwin": {
          "store_path": "/nix/store/ycg59v1gfzmv8bnnrlpqhprnfn7y6v7b-git-2.43.1"
        },
        "aarch64-linux": {
          "store_path": "/nix/store/idq6ygdm30ka8f577qih3ysl7jjhbp7b-git-2.43.1"
        },
        "x86_64-darwin": {
          "store_path": "/nix/store/5pp0150mbgr2r6lg4x84l2d7hgk38f3d-git-2.43.1"
        },
        "x86_64-linux": {
          "store_path": "/nix/store/g6343av5x49smrfb16j61cif88xahjvz-git-2.43.1"
        }
      }
    },
    "gnumake@latest": {
      "last_modified": "2024-03-06T17:57:40Z",
      "resolved": "github:NixOS/nixpkgs/58ae79ea707579c40102ddf62d84b902a987c58b#gnumake",
      "source": "devbox-search",
      "version": "4.4.1",
      "systems": {
        "aarch64-darwin": {
          "store_path": "/nix/store/zck5w8rnl19lmhd7yziklfy9k8d27b78-gnumake-4.4.1"
        },
        "aarch64-linux": {
          "store_path": "/nix/store/bgiym6xlq879xc1d9igqfb3m5apnvmay-gnumake-4.4.1"
        },
        "x86_64-darwin": {
          "store_path": "/nix/store/m22igvglfrfgfp1hghm3k6b294yfsbkc-gnumake-4.4.1"
        },
        "x86_64-linux": {
          "store_path": "/nix/store/3bghwhn9ymgxmxcd1igbcvsl4234hvfb-gnumake-4.4.1"
        }
      }
    },
    "neovim@latest": {
      "last_modified": "2024-02-24T23:06:34Z",
      "resolved": "github:NixOS/nixpkgs/9a9dae8f6319600fa9aebde37f340975cab4b8c0#neovim",
      "source": "devbox-search",
      "version": "0.9.5",
      "systems": {
        "aarch64-darwin": {
          "store_path": "/nix/store/3i1v1plixy22dr935s7lqq2xxskd82l7-neovim-0.9.5"
        },
        "aarch64-linux": {
          "store_path": "/nix/store/shfg3psc0d0xyf833vccplmh6dx4hv54-neovim-0.9.5"
        },
        "x86_64-darwin": {
          "store_path": "/nix/store/3sna4gznh7kgg49c9axxvqqsvynl2yai-neovim-0.9.5"
        },
        "x86_64-linux": {
          "store_path": "/nix/store/fkzl4m8mwjhg69hy0pijx0m1gn2d1a8m-neovim-0.9.5"
        }
      }
    },
    "nodejs@latest": {
      "last_modified": "2024-02-24T23:06:34Z",
      "resolved": "github:NixOS/nixpkgs/9a9dae8f6319600fa9aebde37f340975cab4b8c0#nodejs_21",
      "source": "devbox-search",
      "version": "21.6.2",
      "systems": {
        "aarch64-darwin": {
          "store_path": "/nix/store/n9xcy53g63rk8vwb2yx5fb7i72rprpd1-nodejs-21.6.2"
        },
        "aarch64-linux": {
          "store_path": "/nix/store/mqvmpikgnk7bxvi977ysd0z81bjpflzj-nodejs-21.6.2"
        },
        "x86_64-darwin": {
          "store_path": "/nix/store/mdwxb1kdajvahhbpq3dhnaf3b01h7yb8-nodejs-21.6.2"
        },
        "x86_64-linux": {
          "store_path": "/nix/store/va3sggfgfb709lm31bzvpjfyapjdy435-nodejs-21.6.2"
        }
      }
    },
    "powershell@latest": {
      "last_modified": "2024-02-24T23:06:34Z",
      "resolved": "github:NixOS/nixpkgs/9a9dae8f6319600fa9aebde37f340975cab4b8c0#powershell",
      "source": "devbox-search",
      "version": "7.4.1",
      "systems": {
        "aarch64-darwin": {
          "store_path": "/nix/store/6swv2fhsfcdbrzf4xnyrm5nzk55yp7p6-powershell-7.4.1"
        },
        "aarch64-linux": {
          "store_path": "/nix/store/3iw4kj8k5isdzrj0jq2c0cjsla7qlj2i-powershell-7.4.1"
        },
        "x86_64-darwin": {
          "store_path": "/nix/store/sg838hpvxsp5l8fqk28ssz80aa7m1jss-powershell-7.4.1"
        },
        "x86_64-linux": {
          "store_path": "/nix/store/js36y9kzbwhqyh9d6zglby2cwbg07agx-powershell-7.4.1"
        }
      }
    },
    "ripgrep@latest": {
      "last_modified": "2024-02-24T23:06:34Z",
      "resolved": "github:NixOS/nixpkgs/9a9dae8f6319600fa9aebde37f340975cab4b8c0#ripgrep",
      "source": "devbox-search",
      "version": "14.1.0",
      "systems": {
        "aarch64-darwin": {
          "store_path": "/nix/store/hrv06vmx03g7bypigjrwpbhsyzl6pll7-ripgrep-14.1.0"
        },
        "aarch64-linux": {
          "store_path": "/nix/store/2wa3zqpw2xkmic3lxr75vp6ipdbjpzid-ripgrep-14.1.0"
        },
        "x86_64-darwin": {
          "store_path": "/nix/store/ffi2qmqllkvlqdvgqj9pk1cpz6kg4ajj-ripgrep-14.1.0"
        },
        "x86_64-linux": {
          "store_path": "/nix/store/pgkbvml3qyzgq5bjf1q2vbm7wr0s0kv4-ripgrep-14.1.0"
        }
      }
    },
    "stow@latest": {
      "last_modified": "2024-02-24T23:06:34Z",
      "resolved": "github:NixOS/nixpkgs/9a9dae8f6319600fa9aebde37f340975cab4b8c0#stow",
      "source": "devbox-search",
      "version": "2.3.1",
      "systems": {
        "aarch64-darwin": {
          "store_path": "/nix/store/x8fzg011w3z4l0g1zzz2jyabg79h9f6h-stow-2.3.1"
        },
        "aarch64-linux": {
          "store_path": "/nix/store/yqyfxy3h2ckc52wbf5zgnn0h3f7yimck-stow-2.3.1"
        },
        "x86_64-darwin": {
          "store_path": "/nix/store/5bqhav04rk1ibz5sn3hdc70wkq64w82m-stow-2.3.1"
        },
        "x86_64-linux": {
          "store_path": "/nix/store/bsh8a8pfkd2kilnbcqmrimqwm3af3skr-stow-2.3.1"
        }
      }
    },
    "tig@latest": {
      "last_modified": "2024-02-24T23:06:34Z",
      "resolved": "github:NixOS/nixpkgs/9a9dae8f6319600fa9aebde37f340975cab4b8c0#tig",
      "source": "devbox-search",
      "version": "2.5.8",
      "systems": {
        "aarch64-darwin": {
          "store_path": "/nix/store/y5c7bdlcap7zshfnyn3hjm3arar4wr6g-tig-2.5.8"
        },
        "aarch64-linux": {
          "store_path": "/nix/store/5cn8plqjlg9pk93fsfxp6m83xhzr1q5l-tig-2.5.8"
        },
        "x86_64-darwin": {
          "store_path": "/nix/store/bqi1560aq05xrcwbwcd8ixxh12x8b60h-tig-2.5.8"
        },
        "x86_64-linux": {
          "store_path": "/nix/store/sb2jkxapbbm87s0wqp2appjqbv70c8v4-tig-2.5.8"
        }
      }
    },
    "tmux@latest": {
      "last_modified": "2024-02-24T23:06:34Z",
      "resolved": "github:NixOS/nixpkgs/9a9dae8f6319600fa9aebde37f340975cab4b8c0#tmux",
      "source": "devbox-search",
      "version": "3.4",
      "systems": {
        "aarch64-darwin": {
          "store_path": "/nix/store/8bbwck0wvlrikghfq57f5a8alnckv44i-tmux-3.4"
        },
        "aarch64-linux": {
          "store_path": "/nix/store/fscdn14mcnpk7jmmi8gsga3w40w098qq-tmux-3.4"
        },
        "x86_64-darwin": {
          "store_path": "/nix/store/g1hxnr1bjcb3vbl5f5m5ifdlcl7wr33b-tmux-3.4"
        },
        "x86_64-linux": {
          "store_path": "/nix/store/jdn51v1bmi0ay4nh4v56b3i2gl2g1s90-tmux-3.4"
        }
      }
    },
    "unzip@latest": {
      "last_modified": "2024-02-24T23:06:34Z",
      "resolved": "github:NixOS/nixpkgs/9a9dae8f6319600fa9aebde37f340975cab4b8c0#unzip",
      "source": "devbox-search",
      "version": "6.0",
      "systems": {
        "aarch64-darwin": {
          "store_path": "/nix/store/q8nagnrfnvwa95j4fxp7zywn8i9d9m4f-unzip-6.0"
        },
        "aarch64-linux": {
          "store_path": "/nix/store/h1ghxs7k6m1z1nv3bhhr9ks01jgrdbjl-unzip-6.0"
        },
        "x86_64-darwin": {
          "store_path": "/nix/store/ilx1bgnqb6jwyz7gb358mmsz44z3a2k9-unzip-6.0"
        },
        "x86_64-linux": {
          "store_path": "/nix/store/61s4ss2mivplziqlccdnd5xfndrx266w-unzip-6.0"
        }
      }
    },
    "yq@latest": {
      "last_modified": "2024-02-24T23:06:34Z",
      "resolved": "github:NixOS/nixpkgs/9a9dae8f6319600fa9aebde37f340975cab4b8c0#yq",
      "source": "devbox-search",
      "version": "3.2.3",
      "systems": {
        "aarch64-darwin": {
          "store_path": "/nix/store/l2c3lls661nmjkwrhhsl63kmml7pqn68-python3.11-yq-3.2.3"
        },
        "aarch64-linux": {
          "store_path": "/nix/store/1qgfmxbg28aqq717lsb0bnvl7q8f410j-python3.11-yq-3.2.3"
        },
        "x86_64-darwin": {
          "store_path": "/nix/store/59g38m5i25v77dw7r1n547vlllr93a3d-python3.11-yq-3.2.3"
        },
        "x86_64-linux": {
          "store_path": "/nix/store/iqjivlbs29nnyhg7hqyj9vcrwwv5hjdf-python3.11-yq-3.2.3"
        }
      }
    },
    "zoxide@latest": {
      "last_modified": "2024-02-24T23:06:34Z",
      "resolved": "github:NixOS/nixpkgs/9a9dae8f6319600fa9aebde37f340975cab4b8c0#zoxide",
      "source": "devbox-search",
      "version": "0.9.4",
      "systems": {
        "aarch64-darwin": {
          "store_path": "/nix/store/41bwxzijxfkaqzglad1k56vzglxvwca0-zoxide-0.9.4"
        },
        "aarch64-linux": {
          "store_path": "/nix/store/21k3786m42kpcyva0ilbpglcj5c00wcr-zoxide-0.9.4"
        },
        "x86_64-darwin": {
          "store_path": "/nix/store/8ar2f6bhv5v2hrc8r9ym7mlxry29jcp8-zoxide-0.9.4"
        },
        "x86_64-linux": {
          "store_path": "/nix/store/33n837j9ji5w1va1dyiix930rn40izzy-zoxide-0.9.4"
        }
      }
    }
  }
}
