{
  "lockfile_version": "1",
  "packages": {
    "bat@latest": {
      "last_modified": "2024-06-17T06:49:48Z",
      "resolved": "github:NixOS/nixpkgs/38d3352a65ac9d621b0cd3074d3bef27199ff78f#bat",
      "source": "devbox-search",
      "version": "0.24.0",
      "systems": {
        "aarch64-darwin": {
          "outputs": [
            {
              "name": "out",
              "path": "/nix/store/clrp634nswkcaashc9gqqb6xq8dacy9d-bat-0.24.0",
              "default": true
            }
          ],
          "store_path": "/nix/store/clrp634nswkcaashc9gqqb6xq8dacy9d-bat-0.24.0"
        },
        "aarch64-linux": {
          "outputs": [
            {
              "name": "out",
              "path": "/nix/store/07c9vkz1sy0xzcvl75bmpjiafi0xqplv-bat-0.24.0",
              "default": true
            }
          ],
          "store_path": "/nix/store/07c9vkz1sy0xzcvl75bmpjiafi0xqplv-bat-0.24.0"
        },
        "x86_64-darwin": {
          "outputs": [
            {
              "name": "out",
              "path": "/nix/store/r7v9xn2r3ljm8xbimcivm54mm8qmj859-bat-0.24.0",
              "default": true
            }
          ],
          "store_path": "/nix/store/r7v9xn2r3ljm8xbimcivm54mm8qmj859-bat-0.24.0"
        },
        "x86_64-linux": {
          "outputs": [
            {
              "name": "out",
              "path": "/nix/store/c69fh1xfnqvnrnqfkjw91mabyaf4rczm-bat-0.24.0",
              "default": true
            }
          ],
          "store_path": "/nix/store/c69fh1xfnqvnrnqfkjw91mabyaf4rczm-bat-0.24.0"
        }
      }
    },
    "docker@latest": {
      "last_modified": "2024-06-26T21:13:06Z",
      "resolved": "github:NixOS/nixpkgs/c66e984bda09e7230ea7b364e677c5ba4f0d36d0#docker",
      "source": "devbox-search",
      "version": "24.0.9",
      "systems": {
        "aarch64-darwin": {
          "outputs": [
            {
              "name": "out",
              "path": "/nix/store/hcbv18sk36lhnasdgzgl3wri40kv5yji-docker-24.0.9",
              "default": true
            }
          ],
          "store_path": "/nix/store/hcbv18sk36lhnasdgzgl3wri40kv5yji-docker-24.0.9"
        },
        "aarch64-linux": {
          "outputs": [
            {
              "name": "out",
              "path": "/nix/store/6r9k53a72idcyvpkmi8f5kc3wglzn3h6-docker-24.0.9",
              "default": true
            }
          ],
          "store_path": "/nix/store/6r9k53a72idcyvpkmi8f5kc3wglzn3h6-docker-24.0.9"
        },
        "x86_64-darwin": {
          "outputs": [
            {
              "name": "out",
              "path": "/nix/store/v8vcpl7fcgn6fgrjabv21xn82hh42g0c-docker-24.0.9",
              "default": true
            }
          ],
          "store_path": "/nix/store/v8vcpl7fcgn6fgrjabv21xn82hh42g0c-docker-24.0.9"
        },
        "x86_64-linux": {
          "outputs": [
            {
              "name": "out",
              "path": "/nix/store/67r5rfcncdvwbdikp1mb8hmriwmz6x6z-docker-24.0.9",
              "default": true
            }
          ],
          "store_path": "/nix/store/67r5rfcncdvwbdikp1mb8hmriwmz6x6z-docker-24.0.9"
        }
      }
    },
    "dotnet-sdk_8@latest": {
      "last_modified": "2024-06-12T20:55:33Z",
      "resolved": "github:NixOS/nixpkgs/a9858885e197f984d92d7fe64e9fff6b2e488d40#dotnet-sdk_8",
      "source": "devbox-search",
      "version": "8.0.301",
      "systems": {
        "aarch64-darwin": {
          "outputs": [
            {
              "name": "out",
              "path": "/nix/store/ghpp4yrn7sp8i33ba0ai1xfk1f53qvas-dotnet-sdk-8.0.301",
              "default": true
            }
          ],
          "store_path": "/nix/store/ghpp4yrn7sp8i33ba0ai1xfk1f53qvas-dotnet-sdk-8.0.301"
        },
        "aarch64-linux": {
          "outputs": [
            {
              "name": "out",
              "path": "/nix/store/xjag4188wnkxinzp9anaw6qzwqwxn9kn-dotnet-sdk-8.0.301",
              "default": true
            }
          ],
          "store_path": "/nix/store/xjag4188wnkxinzp9anaw6qzwqwxn9kn-dotnet-sdk-8.0.301"
        },
        "x86_64-darwin": {
          "outputs": [
            {
              "name": "out",
              "path": "/nix/store/dn9ky1i8nb7npgcyrrnydpnsj4hi605n-dotnet-sdk-8.0.301",
              "default": true
            }
          ],
          "store_path": "/nix/store/dn9ky1i8nb7npgcyrrnydpnsj4hi605n-dotnet-sdk-8.0.301"
        },
        "x86_64-linux": {
          "outputs": [
            {
              "name": "out",
              "path": "/nix/store/4apy5h1yk6f3fv1shy9wrns876f58pr7-dotnet-sdk-8.0.301",
              "default": true
            }
          ],
          "store_path": "/nix/store/4apy5h1yk6f3fv1shy9wrns876f58pr7-dotnet-sdk-8.0.301"
        }
      }
    },
    "fish@latest": {
      "last_modified": "2024-06-12T20:55:33Z",
      "resolved": "github:NixOS/nixpkgs/a9858885e197f984d92d7fe64e9fff6b2e488d40#fish",
      "source": "devbox-search",
      "version": "3.7.1",
      "systems": {
        "aarch64-darwin": {
          "outputs": [
            {
              "name": "out",
              "path": "/nix/store/zpj15ggi7fm8689293hikdds3wk0x1kp-fish-3.7.1",
              "default": true
            },
            {
              "name": "doc",
              "path": "/nix/store/3pn4a3vf22i6km9cpn9g44h4c936i0jz-fish-3.7.1-doc"
            }
          ],
          "store_path": "/nix/store/zpj15ggi7fm8689293hikdds3wk0x1kp-fish-3.7.1"
        },
        "aarch64-linux": {
          "outputs": [
            {
              "name": "out",
              "path": "/nix/store/qh3filg7l60lznsdaxkjr5g38qjgibxb-fish-3.7.1",
              "default": true
            },
            {
              "name": "doc",
              "path": "/nix/store/2qhlfl28vkrzf0dh3kzy7g0msikl5zfz-fish-3.7.1-doc"
            }
          ],
          "store_path": "/nix/store/qh3filg7l60lznsdaxkjr5g38qjgibxb-fish-3.7.1"
        },
        "x86_64-darwin": {
          "outputs": [
            {
              "name": "out",
              "path": "/nix/store/2dkscrz7103hds00gr6mv24nl0wfkbkm-fish-3.7.1",
              "default": true
            },
            {
              "name": "doc",
              "path": "/nix/store/5fwk5zkzfw9g5kc7df899jpd2kv17066-fish-3.7.1-doc"
            }
          ],
          "store_path": "/nix/store/2dkscrz7103hds00gr6mv24nl0wfkbkm-fish-3.7.1"
        },
        "x86_64-linux": {
          "outputs": [
            {
              "name": "out",
              "path": "/nix/store/2376jyjbk66c0vfiiqbxjvmr7xscq4wx-fish-3.7.1",
              "default": true
            },
            {
              "name": "doc",
              "path": "/nix/store/fs3r2k31nikyvf5jhmbrh4p3nkg7d9yk-fish-3.7.1-doc"
            }
          ],
          "store_path": "/nix/store/2376jyjbk66c0vfiiqbxjvmr7xscq4wx-fish-3.7.1"
        }
      }
    },
    "gcc@latest": {
      "last_modified": "2024-06-12T20:55:33Z",
      "resolved": "github:NixOS/nixpkgs/a9858885e197f984d92d7fe64e9fff6b2e488d40#gcc14",
      "source": "devbox-search",
      "version": "14.1.0",
      "systems": {
        "aarch64-darwin": {
          "outputs": [
            {
              "name": "out",
              "path": "/nix/store/y1wp23jjnfncdh1y9czhfy4h6mgk9hvj-gcc-wrapper-14.1.0",
              "default": true
            },
            {
              "name": "man",
              "path": "/nix/store/zs8w8qx1k5ad8bws3gzcvmqsk0ipkbqj-gcc-wrapper-14.1.0-man",
              "default": true
            },
            {
              "name": "info",
              "path": "/nix/store/h1idqskm6vz6f0jnficfx2sh5pn8q3x7-gcc-wrapper-14.1.0-info"
            }
          ],
          "store_path": "/nix/store/y1wp23jjnfncdh1y9czhfy4h6mgk9hvj-gcc-wrapper-14.1.0"
        },
        "aarch64-linux": {
          "outputs": [
            {
              "name": "out",
              "path": "/nix/store/xxnylrpswc6i34rlhvzrxn745ng0gawf-gcc-wrapper-14.1.0",
              "default": true
            },
            {
              "name": "man",
              "path": "/nix/store/qpbzgwif62a5c60iqybqn8k9xhlr2gbh-gcc-wrapper-14.1.0-man",
              "default": true
            },
            {
              "name": "info",
              "path": "/nix/store/vkr9ry8k225pxzp6yk9v67l7srh6xbzs-gcc-wrapper-14.1.0-info"
            }
          ],
          "store_path": "/nix/store/xxnylrpswc6i34rlhvzrxn745ng0gawf-gcc-wrapper-14.1.0"
        },
        "x86_64-darwin": {
          "outputs": [
            {
              "name": "out",
              "path": "/nix/store/xm45ashq00jmjx0bg7vi5lkkj489s4za-gcc-wrapper-14.1.0",
              "default": true
            },
            {
              "name": "man",
              "path": "/nix/store/9wswpb9n2gdalnb3xxm9nzmx226c29r9-gcc-wrapper-14.1.0-man",
              "default": true
            },
            {
              "name": "info",
              "path": "/nix/store/3qrfy939k5xn3jgil92slw26rvkp7vh8-gcc-wrapper-14.1.0-info"
            }
          ],
          "store_path": "/nix/store/xm45ashq00jmjx0bg7vi5lkkj489s4za-gcc-wrapper-14.1.0"
        },
        "x86_64-linux": {
          "outputs": [
            {
              "name": "out",
              "path": "/nix/store/piz0jc0js7xnnka355n2yw07zj7p2hgq-gcc-wrapper-14.1.0",
              "default": true
            },
            {
              "name": "man",
              "path": "/nix/store/n2wsycdvzcav14jx65m1zif0rbydr9fk-gcc-wrapper-14.1.0-man",
              "default": true
            },
            {
              "name": "info",
              "path": "/nix/store/5xwi9ji5zyy4m68dwl2csll8rb4ahcja-gcc-wrapper-14.1.0-info"
            }
          ],
          "store_path": "/nix/store/piz0jc0js7xnnka355n2yw07zj7p2hgq-gcc-wrapper-14.1.0"
        }
      }
    },
    "gh@latest": {
      "last_modified": "2024-06-25T03:12:51Z",
      "resolved": "github:NixOS/nixpkgs/cfb89a95f19bea461fc37228dc4d07b22fe617c2#gh",
      "source": "devbox-search",
      "version": "2.52.0",
      "systems": {
        "aarch64-darwin": {
          "outputs": [
            {
              "name": "out",
              "path": "/nix/store/mad7r7xcw0wbhvg9czrw5hwc6906i7h4-gh-2.52.0",
              "default": true
            }
          ],
          "store_path": "/nix/store/mad7r7xcw0wbhvg9czrw5hwc6906i7h4-gh-2.52.0"
        },
        "aarch64-linux": {
          "outputs": [
            {
              "name": "out",
              "path": "/nix/store/9v5zpk6pfizpi64smrapw28lfn4lp9zd-gh-2.52.0",
              "default": true
            }
          ],
          "store_path": "/nix/store/9v5zpk6pfizpi64smrapw28lfn4lp9zd-gh-2.52.0"
        },
        "x86_64-darwin": {
          "outputs": [
            {
              "name": "out",
              "path": "/nix/store/xya7si2ss204p0xl89whmdqr840r1r2q-gh-2.52.0",
              "default": true
            }
          ],
          "store_path": "/nix/store/xya7si2ss204p0xl89whmdqr840r1r2q-gh-2.52.0"
        },
        "x86_64-linux": {
          "outputs": [
            {
              "name": "out",
              "path": "/nix/store/vff2gc5q5hx3xygq40aad6vbnij2l3cv-gh-2.52.0",
              "default": true
            }
          ],
          "store_path": "/nix/store/vff2gc5q5hx3xygq40aad6vbnij2l3cv-gh-2.52.0"
        }
      }
    },
    "git@latest": {
      "last_modified": "2024-06-20T08:04:27Z",
      "resolved": "github:NixOS/nixpkgs/9b10b8f00cb5494795e5f51b39210fed4d2b0748#git",
      "source": "devbox-search",
      "version": "2.45.1",
      "systems": {
        "aarch64-darwin": {
          "outputs": [
            {
              "name": "out",
              "path": "/nix/store/lfg94jm4cgdnviyzfb4qi5dl94ivf3qk-git-2.45.1",
              "default": true
            },
            {
              "name": "doc",
              "path": "/nix/store/fx9bjrg4vgkkb04pbiq3pisxj4aippxk-git-2.45.1-doc"
            }
          ],
          "store_path": "/nix/store/lfg94jm4cgdnviyzfb4qi5dl94ivf3qk-git-2.45.1"
        },
        "aarch64-linux": {
          "outputs": [
            {
              "name": "out",
              "path": "/nix/store/ndw4d3hgsy7d7dfg2z7a5q2amin2d9r5-git-2.45.1",
              "default": true
            },
            {
              "name": "debug",
              "path": "/nix/store/srka3qivr7p6dbfppz40hqapvzs1pnff-git-2.45.1-debug"
            },
            {
              "name": "doc",
              "path": "/nix/store/5yz7i6i36crczabprnmcql484bs9bpcp-git-2.45.1-doc"
            }
          ],
          "store_path": "/nix/store/ndw4d3hgsy7d7dfg2z7a5q2amin2d9r5-git-2.45.1"
        },
        "x86_64-darwin": {
          "outputs": [
            {
              "name": "out",
              "path": "/nix/store/5hkhxkqzwyak9ji766885jm98pgkxxjx-git-2.45.1",
              "default": true
            },
            {
              "name": "doc",
              "path": "/nix/store/f41zpwrc7ddprr9mydn8j00vsbvs3z63-git-2.45.1-doc"
            }
          ],
          "store_path": "/nix/store/5hkhxkqzwyak9ji766885jm98pgkxxjx-git-2.45.1"
        },
        "x86_64-linux": {
          "outputs": [
            {
              "name": "out",
              "path": "/nix/store/jsbha1gg6lzzj7icrg3h0npgm8vwf80c-git-2.45.1",
              "default": true
            },
            {
              "name": "debug",
              "path": "/nix/store/4r2pm5la8w0zl12lqf6lwg8ycq28jbll-git-2.45.1-debug"
            },
            {
              "name": "doc",
              "path": "/nix/store/ba7r274fm1v4r9zfgjr4qfsby1hxikgc-git-2.45.1-doc"
            }
          ],
          "store_path": "/nix/store/jsbha1gg6lzzj7icrg3h0npgm8vwf80c-git-2.45.1"
        }
      }
    },
    "gnumake@latest": {
      "last_modified": "2024-06-27T06:07:08Z",
      "resolved": "github:NixOS/nixpkgs/1e3deb3d8a86a870d925760db1a5adecc64d329d#gnumake",
      "source": "devbox-search",
      "version": "4.4.1",
      "systems": {
        "aarch64-darwin": {
          "outputs": [
            {
              "name": "out",
              "path": "/nix/store/qkkliqj6qhzlkchlkqc6n2iry22gi78q-gnumake-4.4.1",
              "default": true
            },
            {
              "name": "man",
              "path": "/nix/store/dmwcjbixs9hd9yrhfccbnac5macnbk8v-gnumake-4.4.1-man",
              "default": true
            },
            {
              "name": "info",
              "path": "/nix/store/79r1gy3hy993aj4f37wd83ad36j3bq52-gnumake-4.4.1-info"
            }
          ],
          "store_path": "/nix/store/qkkliqj6qhzlkchlkqc6n2iry22gi78q-gnumake-4.4.1"
        },
        "aarch64-linux": {
          "outputs": [
            {
              "name": "out",
              "path": "/nix/store/8pynb9b4k67r27hizrcj9gjr432y8a1y-gnumake-4.4.1",
              "default": true
            },
            {
              "name": "man",
              "path": "/nix/store/9k1jrb18rjngqraz5d289yabfpji3z5c-gnumake-4.4.1-man",
              "default": true
            },
            {
              "name": "debug",
              "path": "/nix/store/nmfk05y35amg7wayngr1c2c2jzhmlgfg-gnumake-4.4.1-debug"
            },
            {
              "name": "info",
              "path": "/nix/store/8q2ns2k33zs2fh50fnjn8615m92gw5lm-gnumake-4.4.1-info"
            }
          ],
          "store_path": "/nix/store/8pynb9b4k67r27hizrcj9gjr432y8a1y-gnumake-4.4.1"
        },
        "x86_64-darwin": {
          "outputs": [
            {
              "name": "out",
              "path": "/nix/store/dkhhxf3ym48qig17psd17nnk9i6w70j1-gnumake-4.4.1",
              "default": true
            },
            {
              "name": "man",
              "path": "/nix/store/7f3p4cgy7qw4x6fwjxmlvx3nynz1i1g6-gnumake-4.4.1-man",
              "default": true
            },
            {
              "name": "info",
              "path": "/nix/store/1galikm5wxwhhwghvl93b76d5q8wj96d-gnumake-4.4.1-info"
            }
          ],
          "store_path": "/nix/store/dkhhxf3ym48qig17psd17nnk9i6w70j1-gnumake-4.4.1"
        },
        "x86_64-linux": {
          "outputs": [
            {
              "name": "out",
              "path": "/nix/store/ggk94mjyn9zw716lqh0bb0ipl9xl271k-gnumake-4.4.1",
              "default": true
            },
            {
              "name": "man",
              "path": "/nix/store/nq33rh3k81skrdz6v6j5dq0z56p8ai37-gnumake-4.4.1-man",
              "default": true
            },
            {
              "name": "info",
              "path": "/nix/store/pciwycm9jbbfbhsa9wfasqbs7113m70z-gnumake-4.4.1-info"
            },
            {
              "name": "debug",
              "path": "/nix/store/zk2mrdl72rb81302scnj0rhb7d2dwk5a-gnumake-4.4.1-debug"
            }
          ],
          "store_path": "/nix/store/ggk94mjyn9zw716lqh0bb0ipl9xl271k-gnumake-4.4.1"
        }
      }
    },
    "neovim@latest": {
      "last_modified": "2024-06-12T20:55:33Z",
      "resolved": "github:NixOS/nixpkgs/a9858885e197f984d92d7fe64e9fff6b2e488d40#neovim",
      "source": "devbox-search",
      "version": "0.10.0",
      "systems": {
        "aarch64-darwin": {
          "outputs": [
            {
              "name": "out",
              "path": "/nix/store/kkrn8l5nzbc772s00x5n377my7vv6acc-neovim-0.10.0",
              "default": true
            }
          ],
          "store_path": "/nix/store/kkrn8l5nzbc772s00x5n377my7vv6acc-neovim-0.10.0"
        },
        "aarch64-linux": {
          "outputs": [
            {
              "name": "out",
              "path": "/nix/store/1f09jdd8x8r6bx9nc0yrxbigv2qy84b2-neovim-0.10.0",
              "default": true
            }
          ],
          "store_path": "/nix/store/1f09jdd8x8r6bx9nc0yrxbigv2qy84b2-neovim-0.10.0"
        },
        "x86_64-darwin": {
          "outputs": [
            {
              "name": "out",
              "path": "/nix/store/s4dg20drq7lx89ilxb0bdyqhigi79ycb-neovim-0.10.0",
              "default": true
            }
          ],
          "store_path": "/nix/store/s4dg20drq7lx89ilxb0bdyqhigi79ycb-neovim-0.10.0"
        },
        "x86_64-linux": {
          "outputs": [
            {
              "name": "out",
              "path": "/nix/store/wv8sifkxz08klx563vsyqfm000gsk34i-neovim-0.10.0",
              "default": true
            }
          ],
          "store_path": "/nix/store/wv8sifkxz08klx563vsyqfm000gsk34i-neovim-0.10.0"
        }
      }
    },
    "nodejs@latest": {
      "last_modified": "2024-06-18T11:39:17Z",
      "plugin_version": "0.0.2",
      "resolved": "github:NixOS/nixpkgs/56fc115880db6498245adecda277ccdb33025bc2#nodejs_22",
      "source": "devbox-search",
      "version": "22.3.0",
      "systems": {
        "aarch64-darwin": {
          "outputs": [
            {
              "name": "out",
              "path": "/nix/store/ig6c5qlywzk9f4zwf4hdpnyyx91vyqyc-nodejs-22.3.0",
              "default": true
            },
            {
              "name": "libv8",
              "path": "/nix/store/zg4vwp25r1v52vm2mxd6v64c1gr3jbj9-nodejs-22.3.0-libv8"
            }
          ],
          "store_path": "/nix/store/ig6c5qlywzk9f4zwf4hdpnyyx91vyqyc-nodejs-22.3.0"
        },
        "aarch64-linux": {
          "outputs": [
            {
              "name": "out",
              "path": "/nix/store/j2pwm80va47mfz7r5w1640rm6b9sp269-nodejs-22.3.0",
              "default": true
            },
            {
              "name": "libv8",
              "path": "/nix/store/j2lx401mqs3w7swg713irnnsfn88f8sx-nodejs-22.3.0-libv8"
            }
          ],
          "store_path": "/nix/store/j2pwm80va47mfz7r5w1640rm6b9sp269-nodejs-22.3.0"
        },
        "x86_64-darwin": {
          "outputs": [
            {
              "name": "out",
              "path": "/nix/store/3cqbw1xcmc0xml8s3ys7jviaxvqyjldy-nodejs-22.3.0",
              "default": true
            },
            {
              "name": "libv8",
              "path": "/nix/store/zk7izr97gl525arvyi4mfwxnhx5wl7hx-nodejs-22.3.0-libv8"
            }
          ],
          "store_path": "/nix/store/3cqbw1xcmc0xml8s3ys7jviaxvqyjldy-nodejs-22.3.0"
        },
        "x86_64-linux": {
          "outputs": [
            {
              "name": "out",
              "path": "/nix/store/zklzfb51mxs8pqdpwh6h51jkir50hq54-nodejs-22.3.0",
              "default": true
            },
            {
              "name": "libv8",
              "path": "/nix/store/5dmd41abvjrw0chbz9m2yk27h61vpva9-nodejs-22.3.0-libv8"
            }
          ],
          "store_path": "/nix/store/zklzfb51mxs8pqdpwh6h51jkir50hq54-nodejs-22.3.0"
        }
      }
    },
    "powershell@latest": {
      "last_modified": "2024-06-21T06:40:32Z",
      "resolved": "github:NixOS/nixpkgs/ed0af8c19f55bede71dc9c2002185cf228339901#powershell",
      "source": "devbox-search",
      "version": "7.4.3",
      "systems": {
        "aarch64-darwin": {
          "outputs": [
            {
              "name": "out",
              "path": "/nix/store/hx24jd3gsa19psfg1j9x0a0zfl38xsah-powershell-7.4.3",
              "default": true
            }
          ],
          "store_path": "/nix/store/hx24jd3gsa19psfg1j9x0a0zfl38xsah-powershell-7.4.3"
        },
        "aarch64-linux": {
          "outputs": [
            {
              "name": "out",
              "path": "/nix/store/ik6jix02jzrvls1kh5ff2lffs99llw4h-powershell-7.4.3",
              "default": true
            }
          ],
          "store_path": "/nix/store/ik6jix02jzrvls1kh5ff2lffs99llw4h-powershell-7.4.3"
        },
        "x86_64-darwin": {
          "outputs": [
            {
              "name": "out",
              "path": "/nix/store/amypzhzrb1fjsa5ndwlkzq9lfbwi4325-powershell-7.4.3",
              "default": true
            }
          ],
          "store_path": "/nix/store/amypzhzrb1fjsa5ndwlkzq9lfbwi4325-powershell-7.4.3"
        },
        "x86_64-linux": {
          "outputs": [
            {
              "name": "out",
              "path": "/nix/store/a8fih0ddqqz6skglyicmpy15zcl8qy6d-powershell-7.4.3",
              "default": true
            }
          ],
          "store_path": "/nix/store/a8fih0ddqqz6skglyicmpy15zcl8qy6d-powershell-7.4.3"
        }
      }
    },
    "ripgrep@latest": {
      "last_modified": "2024-06-12T20:55:33Z",
      "resolved": "github:NixOS/nixpkgs/a9858885e197f984d92d7fe64e9fff6b2e488d40#ripgrep",
      "source": "devbox-search",
      "version": "14.1.0",
      "systems": {
        "aarch64-darwin": {
          "outputs": [
            {
              "name": "out",
              "path": "/nix/store/hd0fs78hk1001cw59a8cy2vql0lxyszh-ripgrep-14.1.0",
              "default": true
            }
          ],
          "store_path": "/nix/store/hd0fs78hk1001cw59a8cy2vql0lxyszh-ripgrep-14.1.0"
        },
        "aarch64-linux": {
          "outputs": [
            {
              "name": "out",
              "path": "/nix/store/ddg2rhq2pjacdcyjffx7bh9mpkdcbcw4-ripgrep-14.1.0",
              "default": true
            }
          ],
          "store_path": "/nix/store/ddg2rhq2pjacdcyjffx7bh9mpkdcbcw4-ripgrep-14.1.0"
        },
        "x86_64-darwin": {
          "outputs": [
            {
              "name": "out",
              "path": "/nix/store/8gidddzagm2j283sbgwllkca7yhk4p28-ripgrep-14.1.0",
              "default": true
            }
          ],
          "store_path": "/nix/store/8gidddzagm2j283sbgwllkca7yhk4p28-ripgrep-14.1.0"
        },
        "x86_64-linux": {
          "outputs": [
            {
              "name": "out",
              "path": "/nix/store/71jzy8l7bqkw64fn4gnldrr248vqi2ly-ripgrep-14.1.0",
              "default": true
            }
          ],
          "store_path": "/nix/store/71jzy8l7bqkw64fn4gnldrr248vqi2ly-ripgrep-14.1.0"
        }
      }
    },
    "stow@latest": {
      "last_modified": "2024-06-12T20:55:33Z",
      "resolved": "github:NixOS/nixpkgs/a9858885e197f984d92d7fe64e9fff6b2e488d40#stow",
      "source": "devbox-search",
      "version": "2.4.0",
      "systems": {
        "aarch64-darwin": {
          "outputs": [
            {
              "name": "out",
              "path": "/nix/store/12braaphn173wy9imb4ff2dzwmhcv9ig-stow-2.4.0",
              "default": true
            }
          ],
          "store_path": "/nix/store/12braaphn173wy9imb4ff2dzwmhcv9ig-stow-2.4.0"
        },
        "aarch64-linux": {
          "outputs": [
            {
              "name": "out",
              "path": "/nix/store/zrbwxs02vshczl5wgn0737w7dchcyhf2-stow-2.4.0",
              "default": true
            }
          ],
          "store_path": "/nix/store/zrbwxs02vshczl5wgn0737w7dchcyhf2-stow-2.4.0"
        },
        "x86_64-darwin": {
          "outputs": [
            {
              "name": "out",
              "path": "/nix/store/h27lgz2n8bqfx8kfczs9jxzpblc0azgl-stow-2.4.0",
              "default": true
            }
          ],
          "store_path": "/nix/store/h27lgz2n8bqfx8kfczs9jxzpblc0azgl-stow-2.4.0"
        },
        "x86_64-linux": {
          "outputs": [
            {
              "name": "out",
              "path": "/nix/store/8bxbra1add9z855gyqdc4wnc21wckqzv-stow-2.4.0",
              "default": true
            }
          ],
          "store_path": "/nix/store/8bxbra1add9z855gyqdc4wnc21wckqzv-stow-2.4.0"
        }
      }
    },
    "tig@latest": {
      "last_modified": "2024-06-12T20:55:33Z",
      "resolved": "github:NixOS/nixpkgs/a9858885e197f984d92d7fe64e9fff6b2e488d40#tig",
      "source": "devbox-search",
      "version": "2.5.10",
      "systems": {
        "aarch64-darwin": {
          "outputs": [
            {
              "name": "out",
              "path": "/nix/store/8j9bppnnik1dc4bi14mmksi735dxqk1k-tig-2.5.10",
              "default": true
            }
          ],
          "store_path": "/nix/store/8j9bppnnik1dc4bi14mmksi735dxqk1k-tig-2.5.10"
        },
        "aarch64-linux": {
          "outputs": [
            {
              "name": "out",
              "path": "/nix/store/mhxfkpnqkgnwjs07vybi35mdcxmmqw5h-tig-2.5.10",
              "default": true
            }
          ],
          "store_path": "/nix/store/mhxfkpnqkgnwjs07vybi35mdcxmmqw5h-tig-2.5.10"
        },
        "x86_64-darwin": {
          "outputs": [
            {
              "name": "out",
              "path": "/nix/store/7yaxz5c2hqrn0mb21yll7rcxwpk5zln5-tig-2.5.10",
              "default": true
            }
          ],
          "store_path": "/nix/store/7yaxz5c2hqrn0mb21yll7rcxwpk5zln5-tig-2.5.10"
        },
        "x86_64-linux": {
          "outputs": [
            {
              "name": "out",
              "path": "/nix/store/l2mnzn1lplnbkc7rsj3vvcd60jdn8qfi-tig-2.5.10",
              "default": true
            }
          ],
          "store_path": "/nix/store/l2mnzn1lplnbkc7rsj3vvcd60jdn8qfi-tig-2.5.10"
        }
      }
    },
    "tmux@latest": {
      "last_modified": "2024-06-14T20:22:02Z",
      "resolved": "github:NixOS/nixpkgs/3e6b9369165397184774a4b7c5e8e5e46531b53f#tmux",
      "source": "devbox-search",
      "version": "3.4",
      "systems": {
        "aarch64-darwin": {
          "outputs": [
            {
              "name": "out",
              "path": "/nix/store/sckl83r64arfh8jhjcp05cpxsbk0a2f3-tmux-3.4",
              "default": true
            },
            {
              "name": "man",
              "path": "/nix/store/n0zrpzv3ip7xmz36pvjrma9032wn8kda-tmux-3.4-man",
              "default": true
            }
          ],
          "store_path": "/nix/store/sckl83r64arfh8jhjcp05cpxsbk0a2f3-tmux-3.4"
        },
        "aarch64-linux": {
          "outputs": [
            {
              "name": "out",
              "path": "/nix/store/vhi251kdj3bbbliyrjhjhq5nhs1443cy-tmux-3.4",
              "default": true
            },
            {
              "name": "man",
              "path": "/nix/store/12n3vrr0gn8rznxi0pgf9148w5yyczck-tmux-3.4-man",
              "default": true
            }
          ],
          "store_path": "/nix/store/vhi251kdj3bbbliyrjhjhq5nhs1443cy-tmux-3.4"
        },
        "x86_64-darwin": {
          "outputs": [
            {
              "name": "out",
              "path": "/nix/store/gjxwll06wxxdf090qxgrvyhsy70v0zy7-tmux-3.4",
              "default": true
            },
            {
              "name": "man",
              "path": "/nix/store/raxmkgmgaxilzw7wfhs6rrnvknwv0kk6-tmux-3.4-man",
              "default": true
            }
          ],
          "store_path": "/nix/store/gjxwll06wxxdf090qxgrvyhsy70v0zy7-tmux-3.4"
        },
        "x86_64-linux": {
          "outputs": [
            {
              "name": "out",
              "path": "/nix/store/jr6k9cyg95ddwfdcr6rmrjhsx3shf7wc-tmux-3.4",
              "default": true
            },
            {
              "name": "man",
              "path": "/nix/store/nlk8wq6hf12nqibws8g3953fa4g1zzsk-tmux-3.4-man",
              "default": true
            }
          ],
          "store_path": "/nix/store/jr6k9cyg95ddwfdcr6rmrjhsx3shf7wc-tmux-3.4"
        }
      }
    },
    "unzip@latest": {
      "last_modified": "2024-06-12T20:55:33Z",
      "resolved": "github:NixOS/nixpkgs/a9858885e197f984d92d7fe64e9fff6b2e488d40#unzip",
      "source": "devbox-search",
      "version": "6.0",
      "systems": {
        "aarch64-darwin": {
          "outputs": [
            {
              "name": "out",
              "path": "/nix/store/hfjd4c0rmvl6azmqaylqs4hapgww9dk6-unzip-6.0",
              "default": true
            }
          ],
          "store_path": "/nix/store/hfjd4c0rmvl6azmqaylqs4hapgww9dk6-unzip-6.0"
        },
        "aarch64-linux": {
          "outputs": [
            {
              "name": "out",
              "path": "/nix/store/lpm33s5whlr0yqan4fwzs4ab9a0xrj4n-unzip-6.0",
              "default": true
            }
          ],
          "store_path": "/nix/store/lpm33s5whlr0yqan4fwzs4ab9a0xrj4n-unzip-6.0"
        },
        "x86_64-darwin": {
          "outputs": [
            {
              "name": "out",
              "path": "/nix/store/4ksk81w29s7ykz3rwbz9jl1am8qg9wi1-unzip-6.0",
              "default": true
            }
          ],
          "store_path": "/nix/store/4ksk81w29s7ykz3rwbz9jl1am8qg9wi1-unzip-6.0"
        },
        "x86_64-linux": {
          "outputs": [
            {
              "name": "out",
              "path": "/nix/store/caf632nc5ih4rd83wq1i4bj0bvrzwqzm-unzip-6.0",
              "default": true
            }
          ],
          "store_path": "/nix/store/caf632nc5ih4rd83wq1i4bj0bvrzwqzm-unzip-6.0"
        }
      }
    },
    "yq@latest": {
      "last_modified": "2024-06-12T20:55:33Z",
      "resolved": "github:NixOS/nixpkgs/a9858885e197f984d92d7fe64e9fff6b2e488d40#yq",
      "source": "devbox-search",
      "version": "3.4.3",
      "systems": {
        "aarch64-darwin": {
          "outputs": [
            {
              "name": "out",
              "path": "/nix/store/l77pjb83h8hdfsaicp2xlphskdcjhjrx-python3.11-yq-3.4.3",
              "default": true
            },
            {
              "name": "dist",
              "path": "/nix/store/8gi9vannizqbrr3x06jjabqbm9zw0qsb-python3.11-yq-3.4.3-dist"
            }
          ],
          "store_path": "/nix/store/l77pjb83h8hdfsaicp2xlphskdcjhjrx-python3.11-yq-3.4.3"
        },
        "aarch64-linux": {
          "outputs": [
            {
              "name": "out",
              "path": "/nix/store/rc8fy1hqrazd7mr6vswhpgmjv5ipqgd2-python3.11-yq-3.4.3",
              "default": true
            },
            {
              "name": "dist",
              "path": "/nix/store/ws317y19r129kiyg2qx1ljd563lddhmy-python3.11-yq-3.4.3-dist"
            }
          ],
          "store_path": "/nix/store/rc8fy1hqrazd7mr6vswhpgmjv5ipqgd2-python3.11-yq-3.4.3"
        },
        "x86_64-darwin": {
          "outputs": [
            {
              "name": "out",
              "path": "/nix/store/zfd7z5hrzrisk6cij5ka3j6cpxb3dmab-python3.11-yq-3.4.3",
              "default": true
            },
            {
              "name": "dist",
              "path": "/nix/store/fvrkfgvp5ljmh9ikcdknnzyfxk3s9bj6-python3.11-yq-3.4.3-dist"
            }
          ],
          "store_path": "/nix/store/zfd7z5hrzrisk6cij5ka3j6cpxb3dmab-python3.11-yq-3.4.3"
        },
        "x86_64-linux": {
          "outputs": [
            {
              "name": "out",
              "path": "/nix/store/ww6a52jsmjwxllh7qz42y3fmjwvbb1m2-python3.11-yq-3.4.3",
              "default": true
            },
            {
              "name": "dist",
              "path": "/nix/store/hm0dy3r5mp601q9dm4b28h3nkbmj08i0-python3.11-yq-3.4.3-dist"
            }
          ],
          "store_path": "/nix/store/ww6a52jsmjwxllh7qz42y3fmjwvbb1m2-python3.11-yq-3.4.3"
        }
      }
    },
    "zoxide@latest": {
      "last_modified": "2024-06-12T20:55:33Z",
      "resolved": "github:NixOS/nixpkgs/a9858885e197f984d92d7fe64e9fff6b2e488d40#zoxide",
      "source": "devbox-search",
      "version": "0.9.4",
      "systems": {
        "aarch64-darwin": {
          "outputs": [
            {
              "name": "out",
              "path": "/nix/store/wkxfpqy9v852j6kysa28rjg6giggbbvv-zoxide-0.9.4",
              "default": true
            }
          ],
          "store_path": "/nix/store/wkxfpqy9v852j6kysa28rjg6giggbbvv-zoxide-0.9.4"
        },
        "aarch64-linux": {
          "outputs": [
            {
              "name": "out",
              "path": "/nix/store/1312g382i1g4x330c2zd09m65lh74zg7-zoxide-0.9.4",
              "default": true
            }
          ],
          "store_path": "/nix/store/1312g382i1g4x330c2zd09m65lh74zg7-zoxide-0.9.4"
        },
        "x86_64-darwin": {
          "outputs": [
            {
              "name": "out",
              "path": "/nix/store/q928laibmpp18zx221xpqj5fs1kylbns-zoxide-0.9.4",
              "default": true
            }
          ],
          "store_path": "/nix/store/q928laibmpp18zx221xpqj5fs1kylbns-zoxide-0.9.4"
        },
        "x86_64-linux": {
          "outputs": [
            {
              "name": "out",
              "path": "/nix/store/5j9fach388y8w93ay49n4j4pya9rfwfj-zoxide-0.9.4",
              "default": true
            }
          ],
          "store_path": "/nix/store/5j9fach388y8w93ay49n4j4pya9rfwfj-zoxide-0.9.4"
        }
      }
    }
  }
}
